
Microsoft Visual Studio Solution File, Format Version 12.00
# Visual Studio Version 17
VisualStudioVersion = 17.4.33213.308
MinimumVisualStudioVersion = 10.0.40219.1
Project("{9A19103F-16F7-4668-BE54-9A1E7A4F7556}") = "BitMouse.LeadGenerator.Api", "BitMouse.LeadGenerator.Api\BitMouse.LeadGenerator.Api.csproj", "{CF5BDA01-7B0B-4E00-8F10-75769076DA37}"
EndProject
Project("{9A19103F-16F7-4668-BE54-9A1E7A4F7556}") = "BitMouse.LeadGenerator.Contract", "BitMouse.LeadGenerator.Contract\BitMouse.LeadGenerator.Contract.csproj", "{023F0AD4-BA31-40B0-995F-F72944356340}"
EndProject
Project("{9A19103F-16F7-4668-BE54-9A1E7A4F7556}") = "BitMouse.LeadGenerator.Infrastructure", "BitMouse.LeadGenerator.Infrastructure\BitMouse.LeadGenerator.Infrastructure.csproj", "{F04C394F-60DE-482A-9E56-F97DB5D557FE}"
EndProject
Project("{2150E333-8FDC-42A3-9474-1A3956D46DE8}") = "Application", "Application", "{9AA0A6CA-142D-4A27-987B-1B875BF59745}"
EndProject
Project("{2150E333-8FDC-42A3-9474-1A3956D46DE8}") = "Infrastructure", "Infrastructure", "{A2BD0291-410A-4C77-9F46-E8AFC137F7A3}"
EndProject
Project("{2150E333-8FDC-42A3-9474-1A3956D46DE8}") = "Integration", "Integration", "{D6E95F82-DEB7-438B-A423-E114BC53C340}"
EndProject
Project("{9A19103F-16F7-4668-BE54-9A1E7A4F7556}") = "BitMouse.LeadGenerator.Integration.Api", "BitMouse.LeadGenerator.Integration.Api\BitMouse.LeadGenerator.Integration.Api.csproj", "{587AADB0-5A0E-4C7C-AE59-F809B4429963}"
EndProject
Project("{9A19103F-16F7-4668-BE54-9A1E7A4F7556}") = "BitMouse.LeadGenerator.Integration.Service", "BitMouse.LeadGenerator.Integration.Service\BitMouse.LeadGenerator.Integration.Service.csproj", "{BC30EE99-E018-4177-909E-896EA00E98E3}"
EndProject
Project("{9A19103F-16F7-4668-BE54-9A1E7A4F7556}") = "BitMouse.LeadGenerator.Integration.Contract", "BitMouse.LeadGenerator.Integration.Contract\BitMouse.LeadGenerator.Integration.Contract.csproj", "{6D0D5D0C-59E1-4759-A1DD-DE8CF0C89A26}"
EndProject
Project("{E53339B2-1760-4266-BCC7-CA923CBCF16C}") = "docker-compose", "docker-compose.dcproj", "{E9CF721A-E086-483F-969E-E1B215E6B74F}"
EndProject
Project("{9A19103F-16F7-4668-BE54-9A1E7A4F7556}") = "BitMouse.LeadGenerator.Service", "BitMouse.LeadGenerator.Service\BitMouse.LeadGenerator.Service.csproj", "{371786DF-8A4B-41C6-AB02-EAD48D184CC4}"
EndProject
Global
	GlobalSection(SolutionConfigurationPlatforms) = preSolution
		Debug|Any CPU = Debug|Any CPU
		Release|Any CPU = Release|Any CPU
	EndGlobalSection
	GlobalSection(ProjectConfigurationPlatforms) = postSolution
		{CF5BDA01-7B0B-4E00-8F10-75769076DA37}.Debug|Any CPU.ActiveCfg = Debug|Any CPU
		{CF5BDA01-7B0B-4E00-8F10-75769076DA37}.Debug|Any CPU.Build.0 = Debug|Any CPU
		{CF5BDA01-7B0B-4E00-8F10-75769076DA37}.Release|Any CPU.ActiveCfg = Release|Any CPU
		{CF5BDA01-7B0B-4E00-8F10-75769076DA37}.Release|Any CPU.Build.0 = Release|Any CPU
		{023F0AD4-BA31-40B0-995F-F72944356340}.Debug|Any CPU.ActiveCfg = Debug|Any CPU
		{023F0AD4-BA31-40B0-995F-F72944356340}.Debug|Any CPU.Build.0 = Debug|Any CPU
		{023F0AD4-BA31-40B0-995F-F72944356340}.Release|Any CPU.ActiveCfg = Release|Any CPU
		{023F0AD4-BA31-40B0-995F-F72944356340}.Release|Any CPU.Build.0 = Release|Any CPU
		{F04C394F-60DE-482A-9E56-F97DB5D557FE}.Debug|Any CPU.ActiveCfg = Debug|Any CPU
		{F04C394F-60DE-482A-9E56-F97DB5D557FE}.Debug|Any CPU.Build.0 = Debug|Any CPU
		{F04C394F-60DE-482A-9E56-F97DB5D557FE}.Release|Any CPU.ActiveCfg = Release|Any CPU
		{F04C394F-60DE-482A-9E56-F97DB5D557FE}.Release|Any CPU.Build.0 = Release|Any CPU
		{587AADB0-5A0E-4C7C-AE59-F809B4429963}.Debug|Any CPU.ActiveCfg = Debug|Any CPU
		{587AADB0-5A0E-4C7C-AE59-F809B4429963}.Debug|Any CPU.Build.0 = Debug|Any CPU
		{587AADB0-5A0E-4C7C-AE59-F809B4429963}.Release|Any CPU.ActiveCfg = Release|Any CPU
		{587AADB0-5A0E-4C7C-AE59-F809B4429963}.Release|Any CPU.Build.0 = Release|Any CPU
		{BC30EE99-E018-4177-909E-896EA00E98E3}.Debug|Any CPU.ActiveCfg = Debug|Any CPU
		{BC30EE99-E018-4177-909E-896EA00E98E3}.Debug|Any CPU.Build.0 = Debug|Any CPU
		{BC30EE99-E018-4177-909E-896EA00E98E3}.Release|Any CPU.ActiveCfg = Release|Any CPU
		{BC30EE99-E018-4177-909E-896EA00E98E3}.Release|Any CPU.Build.0 = Release|Any CPU
		{6D0D5D0C-59E1-4759-A1DD-DE8CF0C89A26}.Debug|Any CPU.ActiveCfg = Debug|Any CPU
		{6D0D5D0C-59E1-4759-A1DD-DE8CF0C89A26}.Debug|Any CPU.Build.0 = Debug|Any CPU
		{6D0D5D0C-59E1-4759-A1DD-DE8CF0C89A26}.Release|Any CPU.ActiveCfg = Release|Any CPU
		{6D0D5D0C-59E1-4759-A1DD-DE8CF0C89A26}.Release|Any CPU.Build.0 = Release|Any CPU
		{E9CF721A-E086-483F-969E-E1B215E6B74F}.Debug|Any CPU.ActiveCfg = Debug|Any CPU
		{E9CF721A-E086-483F-969E-E1B215E6B74F}.Debug|Any CPU.Build.0 = Debug|Any CPU
		{E9CF721A-E086-483F-969E-E1B215E6B74F}.Release|Any CPU.ActiveCfg = Release|Any CPU
		{E9CF721A-E086-483F-969E-E1B215E6B74F}.Release|Any CPU.Build.0 = Release|Any CPU
		{371786DF-8A4B-41C6-AB02-EAD48D184CC4}.Debug|Any CPU.ActiveCfg = Debug|Any CPU
		{371786DF-8A4B-41C6-AB02-EAD48D184CC4}.Debug|Any CPU.Build.0 = Debug|Any CPU
		{371786DF-8A4B-41C6-AB02-EAD48D184CC4}.Release|Any CPU.ActiveCfg = Release|Any CPU
		{371786DF-8A4B-41C6-AB02-EAD48D184CC4}.Release|Any CPU.Build.0 = Release|Any CPU
	EndGlobalSection
	GlobalSection(SolutionProperties) = preSolution
		HideSolutionNode = FALSE
	EndGlobalSection
	GlobalSection(NestedProjects) = preSolution
		{CF5BDA01-7B0B-4E00-8F10-75769076DA37} = {9AA0A6CA-142D-4A27-987B-1B875BF59745}
		{023F0AD4-BA31-40B0-995F-F72944356340} = {9AA0A6CA-142D-4A27-987B-1B875BF59745}
		{F04C394F-60DE-482A-9E56-F97DB5D557FE} = {A2BD0291-410A-4C77-9F46-E8AFC137F7A3}
		{587AADB0-5A0E-4C7C-AE59-F809B4429963} = {D6E95F82-DEB7-438B-A423-E114BC53C340}
		{BC30EE99-E018-4177-909E-896EA00E98E3} = {D6E95F82-DEB7-438B-A423-E114BC53C340}
		{6D0D5D0C-59E1-4759-A1DD-DE8CF0C89A26} = {D6E95F82-DEB7-438B-A423-E114BC53C340}
		{371786DF-8A4B-41C6-AB02-EAD48D184CC4} = {9AA0A6CA-142D-4A27-987B-1B875BF59745}
	EndGlobalSection
	GlobalSection(ExtensibilityGlobals) = postSolution
		SolutionGuid = {E260993A-7C47-443C-BF40-4B0049AB6312}
	EndGlobalSection
EndGlobal
